
Microsoft Visual Studio Solution File, Format Version 12.00
# Visual Studio Version 17
VisualStudioVersion = 17.13.35919.96
MinimumVisualStudioVersion = 10.0.40219.1
Project("{54A90642-561A-4BB1-A94E-469ADEE60C69}") = "whereandhow.client", "whereandhow.client\whereandhow.client.esproj", "{D005C4BC-06D1-7994-0C44-6BC8069860D2}"
EndProject
Project("{FAE04EC0-301F-11D3-BF4B-00C04F79EFBC}") = "WhereAndHow.Server", "WhereAndHow.Server\WhereAndHow.Server.csproj", "{6AD53EF3-FE71-45DA-BE58-C0B612C53866}"
EndProject
Project("{2150E333-8FDC-42A3-9474-1A3956D46DE8}") = "src", "src", "{02EA681E-C7D8-13C7-8484-4AC65E1B71E8}"
EndProject
Project("{2150E333-8FDC-42A3-9474-1A3956D46DE8}") = "web", "web", "{AF3FA9B2-BB45-4EF5-87CB-DC97F1A6D044}"
EndProject
Project("{2150E333-8FDC-42A3-9474-1A3956D46DE8}") = "Infrastructure", "Infrastructure", "{EDBFE85D-1826-4C9D-AA85-D8213401867D}"
EndProject
Project("{2150E333-8FDC-42A3-9474-1A3956D46DE8}") = "Infrastructure.Persistence", "Infrastructure.Persistence", "{89D880B9-D7A7-4940-8398-D85F606C0FAF}"
EndProject
Project("{2150E333-8FDC-42A3-9474-1A3956D46DE8}") = "Infrastructure.Service", "Infrastructure.Service", "{46D223C2-5140-49C9-AF77-E11CEEF8FA0E}"
EndProject
Project("{2150E333-8FDC-42A3-9474-1A3956D46DE8}") = "Core.Domain", "Core.Domain", "{0B2F8C40-530E-4A50-AE71-2C58D854B96D}"
EndProject
Project("{2150E333-8FDC-42A3-9474-1A3956D46DE8}") = "Application", "Application", "{42C42350-363A-432D-BD4C-6F98B16D71C5}"
EndProject
Project("{FAE04EC0-301F-11D3-BF4B-00C04F79EFBC}") = "Core.Domain", "Core.Domain\Core.Domain.csproj", "{CBE79802-AFF6-48CD-9215-7DB699FB2D92}"
EndProject
Global
	GlobalSection(SolutionConfigurationPlatforms) = preSolution
		Debug|Any CPU = Debug|Any CPU
		Release|Any CPU = Release|Any CPU
	EndGlobalSection
	GlobalSection(ProjectConfigurationPlatforms) = postSolution
		{D005C4BC-06D1-7994-0C44-6BC8069860D2}.Debug|Any CPU.ActiveCfg = Debug|Any CPU
		{D005C4BC-06D1-7994-0C44-6BC8069860D2}.Debug|Any CPU.Build.0 = Debug|Any CPU
		{D005C4BC-06D1-7994-0C44-6BC8069860D2}.Debug|Any CPU.Deploy.0 = Debug|Any CPU
		{D005C4BC-06D1-7994-0C44-6BC8069860D2}.Release|Any CPU.ActiveCfg = Release|Any CPU
		{D005C4BC-06D1-7994-0C44-6BC8069860D2}.Release|Any CPU.Build.0 = Release|Any CPU
		{D005C4BC-06D1-7994-0C44-6BC8069860D2}.Release|Any CPU.Deploy.0 = Release|Any CPU
		{6AD53EF3-FE71-45DA-BE58-C0B612C53866}.Debug|Any CPU.ActiveCfg = Debug|Any CPU
		{6AD53EF3-FE71-45DA-BE58-C0B612C53866}.Debug|Any CPU.Build.0 = Debug|Any CPU
		{6AD53EF3-FE71-45DA-BE58-C0B612C53866}.Release|Any CPU.ActiveCfg = Release|Any CPU
		{6AD53EF3-FE71-45DA-BE58-C0B612C53866}.Release|Any CPU.Build.0 = Release|Any CPU
		{CBE79802-AFF6-48CD-9215-7DB699FB2D92}.Debug|Any CPU.ActiveCfg = Debug|Any CPU
		{CBE79802-AFF6-48CD-9215-7DB699FB2D92}.Debug|Any CPU.Build.0 = Debug|Any CPU
		{CBE79802-AFF6-48CD-9215-7DB699FB2D92}.Release|Any CPU.ActiveCfg = Release|Any CPU
		{CBE79802-AFF6-48CD-9215-7DB699FB2D92}.Release|Any CPU.Build.0 = Release|Any CPU
	EndGlobalSection
	GlobalSection(SolutionProperties) = preSolution
		HideSolutionNode = FALSE
	EndGlobalSection
	GlobalSection(NestedProjects) = preSolution
		{D005C4BC-06D1-7994-0C44-6BC8069860D2} = {AF3FA9B2-BB45-4EF5-87CB-DC97F1A6D044}
		{6AD53EF3-FE71-45DA-BE58-C0B612C53866} = {AF3FA9B2-BB45-4EF5-87CB-DC97F1A6D044}
		{AF3FA9B2-BB45-4EF5-87CB-DC97F1A6D044} = {02EA681E-C7D8-13C7-8484-4AC65E1B71E8}
		{EDBFE85D-1826-4C9D-AA85-D8213401867D} = {02EA681E-C7D8-13C7-8484-4AC65E1B71E8}
		{89D880B9-D7A7-4940-8398-D85F606C0FAF} = {EDBFE85D-1826-4C9D-AA85-D8213401867D}
		{46D223C2-5140-49C9-AF77-E11CEEF8FA0E} = {EDBFE85D-1826-4C9D-AA85-D8213401867D}
		{0B2F8C40-530E-4A50-AE71-2C58D854B96D} = {02EA681E-C7D8-13C7-8484-4AC65E1B71E8}
		{42C42350-363A-432D-BD4C-6F98B16D71C5} = {02EA681E-C7D8-13C7-8484-4AC65E1B71E8}
		{CBE79802-AFF6-48CD-9215-7DB699FB2D92} = {0B2F8C40-530E-4A50-AE71-2C58D854B96D}
	EndGlobalSection
	GlobalSection(ExtensibilityGlobals) = postSolution
		SolutionGuid = {E99C29CF-AD15-497C-A49A-BA97F6C32881}
	EndGlobalSection
EndGlobal
